// !$*UTF8*$!
{
	archiveVersion = 1;
	classes = {
	};
	objectVersion = 46;
	objects = {

/* Begin PBXBuildFile section */
		771A608719EB09FF0010045A /* main.swift in Sources */ = {isa = PBXBuildFile; fileRef = 771A608619EB09FF0010045A /* main.swift */; };
		771A608E19EB0A350010045A /* Stack.swift in Sources */ = {isa = PBXBuildFile; fileRef = 771A608D19EB0A350010045A /* Stack.swift */; };
		771A609019EB0A8E0010045A /* Operations.swift in Sources */ = {isa = PBXBuildFile; fileRef = 771A608F19EB0A8E0010045A /* Operations.swift */; };
/* End PBXBuildFile section */

/* Begin PBXCopyFilesBuildPhase section */
		771A608119EB09FE0010045A /* CopyFiles */ = {
			isa = PBXCopyFilesBuildPhase;
			buildActionMask = 2147483647;
			dstPath = /usr/share/man/man1/;
			dstSubfolderSpec = 0;
			files = (
			);
			runOnlyForDeploymentPostprocessing = 1;
		};
/* End PBXCopyFilesBuildPhase section */

/* Begin PBXFileReference section */
		771A608319EB09FF0010045A /* Infix-Postfix-Evaluation */ = {isa = PBXFileReference; explicitFileType = "compiled.mach-o.executable"; includeInIndex = 0; path = "Infix-Postfix-Evaluation"; sourceTree = BUILT_PRODUCTS_DIR; };
		771A608619EB09FF0010045A /* main.swift */ = {isa = PBXFileReference; lastKnownFileType = sourcecode.swift; path = main.swift; sourceTree = "<group>"; };
		771A608D19EB0A350010045A /* Stack.swift */ = {isa = PBXFileReference; fileEncoding = 4; lastKnownFileType = sourcecode.swift; path = Stack.swift; sourceTree = "<group>"; };
		771A608F19EB0A8E0010045A /* Operations.swift */ = {isa = PBXFileReference; fileEncoding = 4; lastKnownFileType = sourcecode.swift; path = Operations.swift; sourceTree = "<group>"; };
/* End PBXFileReference section */

/* Begin PBXFrameworksBuildPhase section */
		771A608019EB09FE0010045A /* Frameworks */ = {
			isa = PBXFrameworksBuildPhase;
			buildActionMask = 2147483647;
			files = (
			);
			runOnlyForDeploymentPostprocessing = 0;
		};
/* End PBXFrameworksBuildPhase section */

/* Begin PBXGroup section */
		771A607A19EB09FE0010045A = {
			isa = PBXGroup;
			children = (
				771A608519EB09FF0010045A /* Infix-Postfix-Evaluation */,
				771A608419EB09FF0010045A /* Products */,
			);
			sourceTree = "<group>";
		};
		771A608419EB09FF0010045A /* Products */ = {
			isa = PBXGroup;
			children = (
				771A608319EB09FF0010045A /* Infix-Postfix-Evaluation */,
			);
			name = Products;
			sourceTree = "<group>";
		};
		771A608519EB09FF0010045A /* Infix-Postfix-Evaluation */ = {
			isa = PBXGroup;
			children = (
				771A608619EB09FF0010045A /* main.swift */,
				771A608F19EB0A8E0010045A /* Operations.swift */,
				771A608D19EB0A350010045A /* Stack.swift */,
			);
			path = "Infix-Postfix-Evaluation";
			sourceTree = "<group>";
		};
/* End PBXGroup section */

/* Begin PBXNativeTarget section */
		771A608219EB09FE0010045A /* Infix-Postfix-Evaluation */ = {
			isa = PBXNativeTarget;
			buildConfigurationList = 771A608A19EB09FF0010045A /* Build configuration list for PBXNativeTarget "Infix-Postfix-Evaluation" */;
			buildPhases = (
				771A607F19EB09FE0010045A /* Sources */,
				771A608019EB09FE0010045A /* Frameworks */,
				771A608119EB09FE0010045A /* CopyFiles */,
			);
			buildRules = (
			);
			dependencies = (
			);
			name = "Infix-Postfix-Evaluation";
			productName = "Infix-Postfix-Evaluation";
			productReference = 771A608319EB09FF0010045A /* Infix-Postfix-Evaluation */;
			productType = "com.apple.product-type.tool";
		};
/* End PBXNativeTarget section */

/* Begin PBXProject section */
		771A607B19EB09FE0010045A /* Project object */ = {
			isa = PBXProject;
			attributes = {
				LastSwiftUpdateCheck = 0700;
				LastUpgradeCheck = 0700;
				ORGANIZATIONNAME = "Bilal ARSLAN";
				TargetAttributes = {
					771A608219EB09FE0010045A = {
						CreatedOnToolsVersion = 6.0;
					};
				};
			};
			buildConfigurationList = 771A607E19EB09FE0010045A /* Build configuration list for PBXProject "Infix-Postfix-Evaluation" */;
			compatibilityVersion = "Xcode 3.2";
			developmentRegion = English;
			hasScannedForEncodings = 0;
			knownRegions = (
				en,
			);
			mainGroup = 771A607A19EB09FE0010045A;
			productRefGroup = 771A608419EB09FF0010045A /* Products */;
			projectDirPath = "";
			projectRoot = "";
			targets = (
				771A608219EB09FE0010045A /* Infix-Postfix-Evaluation */,
			);
		};
/* End PBXProject section */

/* Begin PBXSourcesBuildPhase section */
		771A607F19EB09FE0010045A /* Sources */ = {
			isa = PBXSourcesBuildPhase;
			buildActionMask = 2147483647;
			files = (
				771A609019EB0A8E0010045A /* Operations.swift in Sources */,
				771A608E19EB0A350010045A /* Stack.swift in Sources */,
				771A608719EB09FF0010045A /* main.swift in Sources */,
			);
			runOnlyForDeploymentPostprocessing = 0;
		};
/* End PBXSourcesBuildPhase section */

/* Begin XCBuildConfiguration section */
		771A608819EB09FF0010045A /* Debug */ = {
			isa = XCBuildConfiguration;
			buildSettings = {
				ALWAYS_SEARCH_USER_PATHS = NO;
				CLANG_CXX_LANGUAGE_STANDARD = "gnu++0x";
				CLANG_CXX_LIBRARY = "libc++";
				CLANG_ENABLE_MODULES = YES;
				CLANG_ENABLE_OBJC_ARC = YES;
				CLANG_WARN_BOOL_CONVERSION = YES;
				CLANG_WARN_CONSTANT_CONVERSION = YES;
				CLANG_WARN_DIRECT_OBJC_ISA_USAGE = YES_ERROR;
				CLANG_WARN_EMPTY_BODY = YES;
				CLANG_WARN_ENUM_CONVERSION = YES;
				CLANG_WARN_INT_CONVERSION = YES;
				CLANG_WARN_OBJC_ROOT_CLASS = YES_ERROR;
				CLANG_WARN_UNREACHABLE_CODE = YES;
				CLANG_WARN__DUPLICATE_METHOD_MATCH = YES;
				COPY_PHASE_STRIP = NO;
				ENABLE_STRICT_OBJC_MSGSEND = YES;
				ENABLE_TESTABILITY = YES;
				GCC_C_LANGUAGE_STANDARD = gnu99;
				GCC_DYNAMIC_NO_PIC = NO;
				GCC_OPTIMIZATION_LEVEL = 0;
				GCC_PREPROCESSOR_DEFINITIONS = (
					"DEBUG=1",
					"$(inherited)",
				);
				GCC_SYMBOLS_PRIVATE_EXTERN = NO;
				GCC_WARN_64_TO_32_BIT_CONVERSION = YES;
				GCC_WARN_ABOUT_RETURN_TYPE = YES_ERROR;
				GCC_WARN_UNDECLARED_SELECTOR = YES;
				GCC_WARN_UNINITIALIZED_AUTOS = YES_AGGRESSIVE;
				GCC_WARN_UNUSED_FUNCTION = YES;
				GCC_WARN_UNUSED_VARIABLE = YES;
				MACOSX_DEPLOYMENT_TARGET = 10.9;
				MTL_ENABLE_DEBUG_INFO = YES;
				ONLY_ACTIVE_ARCH = YES;
				SDKROOT = macosx;
				SWIFT_OPTIMIZATION_LEVEL = "-Onone";
			};
			name = Debug;
		};
		771A608919EB09FF0010045A /* Release */ = {
			isa = XCBuildConfiguration;
			buildSettings = {
				ALWAYS_SEARCH_USER_PATHS = NO;
				CLANG_CXX_LANGUAGE_STANDARD = "gnu++0x";
				CLANG_CXX_LIBRARY = "libc++";
				CLANG_ENABLE_MODULES = YES;
				CLANG_ENABLE_OBJC_ARC = YES;
				CLANG_WARN_BOOL_CONVERSION = YES;
				CLANG_WARN_CONSTANT_CONVERSION = YES;
				CLANG_WARN_DIRECT_OBJC_ISA_USAGE = YES_ERROR;
				CLANG_WARN_EMPTY_BODY = YES;
				CLANG_WARN_ENUM_CONVERSION = YES;
				CLANG_WARN_INT_CONVERSION = YES;
				CLANG_WARN_OBJC_ROOT_CLASS = YES_ERROR;
				CLANG_WARN_UNREACHABLE_CODE = YES;
				CLANG_WARN__DUPLICATE_METHOD_MATCH = YES;
				COPY_PHASE_STRIP = YES;
				DEBUG_INFORMATION_FORMAT = "dwarf-with-dsym";
				ENABLE_NS_ASSERTIONS = NO;
				ENABLE_STRICT_OBJC_MSGSEND = YES;
				GCC_C_LANGUAGE_STANDARD = gnu99;
				GCC_WARN_64_TO_32_BIT_CONVERSION = YES;
				GCC_WARN_ABOUT_RETURN_TYPE = YES_ERROR;
				GCC_WARN_UNDECLARED_SELECTOR = YES;
				GCC_WARN_UNINITIALIZED_AUTOS = YES_AGGRESSIVE;
				GCC_WARN_UNUSED_FUNCTION = YES;
				GCC_WARN_UNUSED_VARIABLE = YES;
				MACOSX_DEPLOYMENT_TARGET = 10.9;
				MTL_ENABLE_DEBUG_INFO = NO;
				SDKROOT = macosx;
			};
			name = Release;
		};
		771A608B19EB09FF0010045A /* Debug */ = {
			isa = XCBuildConfiguration;
			buildSettings = {
				PRODUCT_NAME = "$(TARGET_NAME)";
			};
			name = Debug;
		};
		771A608C19EB09FF0010045A /* Release */ = {
			isa = XCBuildConfiguration;
			buildSettings = {
				PRODUCT_NAME = "$(TARGET_NAME)";
			};
			name = Release;
		};
/* End XCBuildConfiguration section */

/* Begin XCConfigurationList section */
		771A607E19EB09FE0010045A /* Build configuration list for PBXProject "Infix-Postfix-Evaluation" */ = {
			isa = XCConfigurationList;
			buildConfigurations = (
				771A608819EB09FF0010045A /* Debug */,
				771A608919EB09FF0010045A /* Release */,
			);
			defaultConfigurationIsVisible = 0;
			defaultConfigurationName = Release;
		};
		771A608A19EB09FF0010045A /* Build configuration list for PBXNativeTarget "Infix-Postfix-Evaluation" */ = {
			isa = XCConfigurationList;
			buildConfigurations = (
				771A608B19EB09FF0010045A /* Debug */,
				771A608C19EB09FF0010045A /* Release */,
			);
			defaultConfigurationIsVisible = 0;
			defaultConfigurationName = Release;
		};
/* End XCConfigurationList section */
	};
	rootObject = 771A607B19EB09FE0010045A /* Project object */;
}
